
Microsoft Visual Studio Solution File, Format Version 12.00
Project("{FAE04EC0-301F-11D3-BF4B-00C04F79EFBC}") = "Cwiczenia3", "Cwiczenia3\Cwiczenia3.csproj", "{D5B5CBD0-A344-4269-B43F-E1E94B62663D}"
EndProject
Global
	GlobalSection(SolutionConfigurationPlatforms) = preSolution
		Debug|Any CPU = Debug|Any CPU
		Release|Any CPU = Release|Any CPU
	EndGlobalSection
	GlobalSection(ProjectConfigurationPlatforms) = postSolution
		{D5B5CBD0-A344-4269-B43F-E1E94B62663D}.Debug|Any CPU.ActiveCfg = Debug|Any CPU
		{D5B5CBD0-A344-4269-B43F-E1E94B62663D}.Debug|Any CPU.Build.0 = Debug|Any CPU
		{D5B5CBD0-A344-4269-B43F-E1E94B62663D}.Release|Any CPU.ActiveCfg = Release|Any CPU
		{D5B5CBD0-A344-4269-B43F-E1E94B62663D}.Release|Any CPU.Build.0 = Release|Any CPU
	EndGlobalSection
EndGlobal
